
Microsoft Visual Studio Solution File, Format Version 12.00
# Visual Studio Version 16
VisualStudioVersion = 16.0.31729.503
MinimumVisualStudioVersion = 10.0.40219.1
Project("{8BC9CEB8-8B4A-11D0-8D11-00A0C91BC942}") = "Lab-6.4.2", "Lab-6.4.2.vcxproj", "{8C707801-FDA7-46E1-9AE9-877FEC006FCB}"
EndProject
Project("{8BC9CEB8-8B4A-11D0-8D11-00A0C91BC942}") = "UnitTest1", "UnitTest1\UnitTest1.vcxproj", "{C8B12513-8CDF-4BAE-81F0-E90A28F374ED}"
EndProject
Global
	GlobalSection(SolutionConfigurationPlatforms) = preSolution
		Debug|x64 = Debug|x64
		Debug|x86 = Debug|x86
		Release|x64 = Release|x64
		Release|x86 = Release|x86
	EndGlobalSection
	GlobalSection(ProjectConfigurationPlatforms) = postSolution
		{8C707801-FDA7-46E1-9AE9-877FEC006FCB}.Debug|x64.ActiveCfg = Debug|x64
		{8C707801-FDA7-46E1-9AE9-877FEC006FCB}.Debug|x64.Build.0 = Debug|x64
		{8C707801-FDA7-46E1-9AE9-877FEC006FCB}.Debug|x86.ActiveCfg = Debug|Win32
		{8C707801-FDA7-46E1-9AE9-877FEC006FCB}.Debug|x86.Build.0 = Debug|Win32
		{8C707801-FDA7-46E1-9AE9-877FEC006FCB}.Release|x64.ActiveCfg = Release|x64
		{8C707801-FDA7-46E1-9AE9-877FEC006FCB}.Release|x64.Build.0 = Release|x64
		{8C707801-FDA7-46E1-9AE9-877FEC006FCB}.Release|x86.ActiveCfg = Release|Win32
		{8C707801-FDA7-46E1-9AE9-877FEC006FCB}.Release|x86.Build.0 = Release|Win32
		{C8B12513-8CDF-4BAE-81F0-E90A28F374ED}.Debug|x64.ActiveCfg = Debug|x64
		{C8B12513-8CDF-4BAE-81F0-E90A28F374ED}.Debug|x64.Build.0 = Debug|x64
		{C8B12513-8CDF-4BAE-81F0-E90A28F374ED}.Debug|x86.ActiveCfg = Debug|Win32
		{C8B12513-8CDF-4BAE-81F0-E90A28F374ED}.Debug|x86.Build.0 = Debug|Win32
		{C8B12513-8CDF-4BAE-81F0-E90A28F374ED}.Release|x64.ActiveCfg = Release|x64
		{C8B12513-8CDF-4BAE-81F0-E90A28F374ED}.Release|x64.Build.0 = Release|x64
		{C8B12513-8CDF-4BAE-81F0-E90A28F374ED}.Release|x86.ActiveCfg = Release|Win32
		{C8B12513-8CDF-4BAE-81F0-E90A28F374ED}.Release|x86.Build.0 = Release|Win32
	EndGlobalSection
	GlobalSection(SolutionProperties) = preSolution
		HideSolutionNode = FALSE
	EndGlobalSection
	GlobalSection(ExtensibilityGlobals) = postSolution
		SolutionGuid = {C88888C4-8630-4BB3-B32A-77987083AB5C}
	EndGlobalSection
EndGlobal
